<Solution>
    <Folder Name="/Infrastructure/">
        <Project Path="Infrastructure/BaseCleanArchitecture.Persistence/BaseCleanArchitecture.Persistence.csproj" />
    </Folder>
    <Project Path="BaseCleanArchitecture.Application/BaseCleanArchitecture.Application.csproj" />
    <Project Path="BaseCleanArchitecture.Domain/BaseCleanArchitecture.Domain.csproj" />
    <Project Path="BaseCleanArchitecture.Web/BaseCleanArchitecture.Web.csproj" />
</Solution>
